
Microsoft Visual Studio Solution File, Format Version 12.00
# Visual Studio Version 17
VisualStudioVersion = 17.9.34607.119
MinimumVisualStudioVersion = 10.0.40219.1
Project("{FAE04EC0-301F-11D3-BF4B-00C04F79EFBC}") = "csharpzhgyak2", "csharpzhgyak2\csharpzhgyak2.csproj", "{3A3B9E87-4DD8-4936-95D4-E72E2D74EB1D}"
EndProject
Global
	GlobalSection(SolutionConfigurationPlatforms) = preSolution
		Debug|Any CPU = Debug|Any CPU
		Release|Any CPU = Release|Any CPU
	EndGlobalSection
	GlobalSection(ProjectConfigurationPlatforms) = postSolution
		{3A3B9E87-4DD8-4936-95D4-E72E2D74EB1D}.Debug|Any CPU.ActiveCfg = Debug|Any CPU
		{3A3B9E87-4DD8-4936-95D4-E72E2D74EB1D}.Debug|Any CPU.Build.0 = Debug|Any CPU
		{3A3B9E87-4DD8-4936-95D4-E72E2D74EB1D}.Release|Any CPU.ActiveCfg = Release|Any CPU
		{3A3B9E87-4DD8-4936-95D4-E72E2D74EB1D}.Release|Any CPU.Build.0 = Release|Any CPU
	EndGlobalSection
	GlobalSection(SolutionProperties) = preSolution
		HideSolutionNode = FALSE
	EndGlobalSection
	GlobalSection(ExtensibilityGlobals) = postSolution
		SolutionGuid = {19B68DC6-D278-4F49-9A68-B2B524A8E5E9}
	EndGlobalSection
EndGlobal
